Microsoft Visual Studio Solution File, Format Version 12.00
# Visual Studio Version 17
VisualStudioVersion = 17.5.2.0
MinimumVisualStudioVersion = 10.0.40219.1
Project("{FAE04EC0-301F-11D3-BF4B-00C04F79EFBC}") = "ThaiTuanERP2025.Tests", "ThaiTuanERP2025.Tests.csproj", "{09C7C38C-4425-319A-26C9-FBCCBF4B1102}"
EndProject
Global
	GlobalSection(SolutionConfigurationPlatforms) = preSolution
		Debug|Any CPU = Debug|Any CPU
		Release|Any CPU = Release|Any CPU
	EndGlobalSection
	GlobalSection(ProjectConfigurationPlatforms) = postSolution
		{09C7C38C-4425-319A-26C9-FBCCBF4B1102}.Debug|Any CPU.ActiveCfg = Debug|Any CPU
		{09C7C38C-4425-319A-26C9-FBCCBF4B1102}.Debug|Any CPU.Build.0 = Debug|Any CPU
		{09C7C38C-4425-319A-26C9-FBCCBF4B1102}.Release|Any CPU.ActiveCfg = Release|Any CPU
		{09C7C38C-4425-319A-26C9-FBCCBF4B1102}.Release|Any CPU.Build.0 = Release|Any CPU
	EndGlobalSection
	GlobalSection(SolutionProperties) = preSolution
		HideSolutionNode = FALSE
	EndGlobalSection
	GlobalSection(ExtensibilityGlobals) = postSolution
		SolutionGuid = {4D840978-77E8-4760-B54E-8B49719499FD}
	EndGlobalSection
EndGlobal
